Microsoft Visual Studio Solution File, Format Version 11.00
# Visual Studio 2010
Project("{FAE04EC0-301F-11D3-BF4B-00C04F79EFBC}") = "Project2_Group01", "Project2_Group01.csproj", "{920475F0-25F7-49FE-A5C5-2FDFAC113A96}"
EndProject
Global
	GlobalSection(SolutionConfigurationPlatforms) = preSolution
		Debug|Any CPU = Debug|Any CPU
		Release|Any CPU = Release|Any CPU
	EndGlobalSection
	GlobalSection(ProjectConfigurationPlatforms) = postSolution
		{920475F0-25F7-49FE-A5C5-2FDFAC113A96}.Debug|Any CPU.ActiveCfg = Debug|Any CPU
		{920475F0-25F7-49FE-A5C5-2FDFAC113A96}.Debug|Any CPU.Build.0 = Debug|Any CPU
		{920475F0-25F7-49FE-A5C5-2FDFAC113A96}.Release|Any CPU.ActiveCfg = Release|Any CPU
		{920475F0-25F7-49FE-A5C5-2FDFAC113A96}.Release|Any CPU.Build.0 = Release|Any CPU
	EndGlobalSection
	GlobalSection(SolutionProperties) = preSolution
		HideSolutionNode = FALSE
	EndGlobalSection
EndGlobal
